
Microsoft Visual Studio Solution File, Format Version 12.00
# Visual Studio 15
VisualStudioVersion = 15.0.28307.329
MinimumVisualStudioVersion = 10.0.40219.1
Project("{FAE04EC0-301F-11D3-BF4B-00C04F79EFBC}") = "MVCModelBinding", "MVCModelBinding\MVCModelBinding.csproj", "{2721BCE7-0D2B-4EDF-A447-4FAFCCBC1AB7}"
EndProject
Global
	GlobalSection(SolutionConfigurationPlatforms) = preSolution
		Debug|Any CPU = Debug|Any CPU
		Release|Any CPU = Release|Any CPU
	EndGlobalSection
	GlobalSection(ProjectConfigurationPlatforms) = postSolution
		{2721BCE7-0D2B-4EDF-A447-4FAFCCBC1AB7}.Debug|Any CPU.ActiveCfg = Debug|Any CPU
		{2721BCE7-0D2B-4EDF-A447-4FAFCCBC1AB7}.Debug|Any CPU.Build.0 = Debug|Any CPU
		{2721BCE7-0D2B-4EDF-A447-4FAFCCBC1AB7}.Release|Any CPU.ActiveCfg = Release|Any CPU
		{2721BCE7-0D2B-4EDF-A447-4FAFCCBC1AB7}.Release|Any CPU.Build.0 = Release|Any CPU
	EndGlobalSection
	GlobalSection(SolutionProperties) = preSolution
		HideSolutionNode = FALSE
	EndGlobalSection
	GlobalSection(ExtensibilityGlobals) = postSolution
		SolutionGuid = {FECB8B93-B47C-4BEE-A503-1DD030E31962}
	EndGlobalSection
EndGlobal
